
Microsoft Visual Studio Solution File, Format Version 12.00
# Visual Studio 2015
Project("{FAE04EC0-301F-11D3-BF4B-00C04F79EFBC}") = "ScreenTransitions", "ScreenTransitions.csproj", "{B7FF2F31-7922-1740-BC2E-D67891CFE799}"
EndProject
Global
	GlobalSection(SolutionConfigurationPlatforms) = preSolution
		Debug|Any CPU = Debug|Any CPU
		Release|Any CPU = Release|Any CPU
	EndGlobalSection
	GlobalSection(ProjectConfigurationPlatforms) = postSolution
		{B7FF2F31-7922-1740-BC2E-D67891CFE799}.Debug|Any CPU.ActiveCfg = Debug|Any CPU
		{B7FF2F31-7922-1740-BC2E-D67891CFE799}.Debug|Any CPU.Build.0 = Debug|Any CPU
		{B7FF2F31-7922-1740-BC2E-D67891CFE799}.Release|Any CPU.ActiveCfg = Release|Any CPU
		{B7FF2F31-7922-1740-BC2E-D67891CFE799}.Release|Any CPU.Build.0 = Release|Any CPU
	EndGlobalSection
	GlobalSection(SolutionProperties) = preSolution
		HideSolutionNode = FALSE
	EndGlobalSection
EndGlobal
